dependencies:
- name: secrets
  repository: ""
  version: 0.1.10
- name: metrics
  repository: ""
  version: 1.4.21
- name: nms
  repository: ""
  version: 0.1.8
- name: logging
  repository: ""
  version: 0.1.10
- name: orc8rlib
  repository: https://shubhamtatvamasi.github.io/helm
  version: 0.1.2
digest: sha256:09871ede88ca0ff902813d2ebb5e094229c5023e44a1cb562d5a202fc8fa27af
generated: "2021-02-20T05:10:30.315210522+05:30"
